
Microsoft Visual Studio Solution File, Format Version 12.00
# Visual Studio Version 17
VisualStudioVersion = 17.12.35707.178 d17.12
MinimumVisualStudioVersion = 10.0.40219.1
Project("{FAE04EC0-301F-11D3-BF4B-00C04F79EFBC}") = "GestionEstudiantesDB", "GestionEstudiantesDB\GestionEstudiantesDB.csproj", "{3883C681-E092-4BBF-8EF2-E19455492741}"
EndProject
Project("{FAE04EC0-301F-11D3-BF4B-00C04F79EFBC}") = "GestionEstudiantesDB.Tests", "GestionEstudiantesDB.Tests\GestionEstudiantesDB.Tests.csproj", "{F997C91B-FD70-4223-AA92-5C147D86B216}"
EndProject
Global
	GlobalSection(SolutionConfigurationPlatforms) = preSolution
		Debug|Any CPU = Debug|Any CPU
		Release|Any CPU = Release|Any CPU
	EndGlobalSection
	GlobalSection(ProjectConfigurationPlatforms) = postSolution
		{3883C681-E092-4BBF-8EF2-E19455492741}.Debug|Any CPU.ActiveCfg = Debug|Any CPU
		{3883C681-E092-4BBF-8EF2-E19455492741}.Debug|Any CPU.Build.0 = Debug|Any CPU
		{3883C681-E092-4BBF-8EF2-E19455492741}.Release|Any CPU.ActiveCfg = Release|Any CPU
		{3883C681-E092-4BBF-8EF2-E19455492741}.Release|Any CPU.Build.0 = Release|Any CPU
		{F997C91B-FD70-4223-AA92-5C147D86B216}.Debug|Any CPU.ActiveCfg = Debug|Any CPU
		{F997C91B-FD70-4223-AA92-5C147D86B216}.Debug|Any CPU.Build.0 = Debug|Any CPU
		{F997C91B-FD70-4223-AA92-5C147D86B216}.Release|Any CPU.ActiveCfg = Release|Any CPU
		{F997C91B-FD70-4223-AA92-5C147D86B216}.Release|Any CPU.Build.0 = Release|Any CPU
	EndGlobalSection
	GlobalSection(SolutionProperties) = preSolution
		HideSolutionNode = FALSE
	EndGlobalSection
EndGlobal
